
Microsoft Visual Studio Solution File, Format Version 12.00
# Visual Studio 15
Project("{FAE04EC0-301F-11D3-BF4B-00C04F79EFBC}") = "Assembly-CSharp", "Assembly-CSharp.csproj", "{34E0F17D-557D-6E66-E66C-E4C36A133728}"
EndProject
Project("{FAE04EC0-301F-11D3-BF4B-00C04F79EFBC}") = "Assembly-CSharp-Editor", "Assembly-CSharp-Editor.csproj", "{07304F96-E74A-33C4-F435-01F930795210}"
EndProject
Global
	GlobalSection(SolutionConfigurationPlatforms) = preSolution
		Debug|Any CPU = Debug|Any CPU
		Release|Any CPU = Release|Any CPU
	EndGlobalSection
	GlobalSection(ProjectConfigurationPlatforms) = postSolution
		{34E0F17D-557D-6E66-E66C-E4C36A133728}.Debug|Any CPU.ActiveCfg = Debug|Any CPU
		{34E0F17D-557D-6E66-E66C-E4C36A133728}.Debug|Any CPU.Build.0 = Debug|Any CPU
		{34E0F17D-557D-6E66-E66C-E4C36A133728}.Release|Any CPU.ActiveCfg = Release|Any CPU
		{34E0F17D-557D-6E66-E66C-E4C36A133728}.Release|Any CPU.Build.0 = Release|Any CPU
		{07304F96-E74A-33C4-F435-01F930795210}.Debug|Any CPU.ActiveCfg = Debug|Any CPU
		{07304F96-E74A-33C4-F435-01F930795210}.Debug|Any CPU.Build.0 = Debug|Any CPU
		{07304F96-E74A-33C4-F435-01F930795210}.Release|Any CPU.ActiveCfg = Release|Any CPU
		{07304F96-E74A-33C4-F435-01F930795210}.Release|Any CPU.Build.0 = Release|Any CPU
	EndGlobalSection
	GlobalSection(SolutionProperties) = preSolution
		HideSolutionNode = FALSE
	EndGlobalSection
EndGlobal
